<?xml version="1.0" encoding="utf-8"?>
<Project ToolsVersion="4.0" xmlns="http://schemas.microsoft.com/developer/msbuild/2003">
  <ItemGroup>
    <Filter Include="Source Files">
      <UniqueIdentifier>{4FC737F1-C7A5-4376-A066-2A32D752A2FF}</UniqueIdentifier>
      <Extensions>cpp;c;cc;cxx;c++;def;odl;idl;hpj;bat;asm;asmx</Extensions>
    </Filter>
    <Filter Include="Header Files">
      <UniqueIdentifier>{93995380-89BD-4b04-88EB-625FBE52EBFB}</UniqueIdentifier>
      <Extensions>h;hh;hpp;hxx;h++;hm;inl;inc;ipp;xsd</Extensions>
    </Filter>
    <Filter Include="Resource Files">
      <UniqueIdentifier>{67DA6AB6-F800-4c08-8B7A-83BB121AAD01}</UniqueIdentifier>
      <Extensions>rc;ico;cur;bmp;dlg;rc2;rct;bin;rgs;gif;jpg;jpeg;jpe;resx;tiff;tif;png;wav;mfcribbon-ms</Extensions>
    </Filter>
    <Filter Include="Header Files\util">
      <UniqueIdentifier>{234342a9-3762-421c-addf-cb1227b6afee}</UniqueIdentifier>
    </Filter>
    <Filter Include="Source Files\util">
      <UniqueIdentifier>{ed0fd4a8-8356-4fa7-a0e0-a428df245e57}</UniqueIdentifier>
    </Filter>
    <Filter Include="Header Files\Search Algorithms">
      <UniqueIdentifier>{a0178346-a6ae-42f2-a17a-45c5ee14fd9a}</UniqueIdentifier>
    </Filter>
    <Filter Include="Source Files\Search Algorithms">
      <UniqueIdentifier>{9a6ec5f8-c041-4f72-b953-3c14cf561b9f}</UniqueIdentifier>
    </Filter>
    <Filter Include="Header Files\Exceptions">
      <UniqueIdentifier>{badc2b32-bf0c-4c4c-a453-f0c8bfa81e99}</UniqueIdentifier>
    </Filter>
    <Filter Include="Source Files\Exceptions">
      <UniqueIdentifier>{c31a4316-c8a4-425a-adc6-1257cfcd7090}</UniqueIdentifier>
    </Filter>
    <Filter Include="Header Files\Tree">
      <UniqueIdentifier>{d342ad18-9f14-4e67-a519-1893f4843f68}</UniqueIdentifier>
    </Filter>
    <Filter Include="Source Files\Tree">
      <UniqueIdentifier>{439786b0-07fe-4b47-9f3e-e9e5e3cbccb1}</UniqueIdentifier>
    </Filter>
  </ItemGroup>
  <ItemGroup>
    <ClCompile Include="RobotNavigation.cpp">
      <Filter>Source Files</Filter>
    </ClCompile>
    <ClCompile Include="util\file.cpp">
      <Filter>Source Files\util</Filter>
    </ClCompile>
    <ClCompile Include="util\string.cpp">
      <Filter>Source Files\util</Filter>
    </ClCompile>
    <ClCompile Include="util\vector.cpp">
      <Filter>Source Files\util</Filter>
    </ClCompile>
    <ClCompile Include="DFS.cpp">
      <Filter>Source Files\Search Algorithms</Filter>
    </ClCompile>
    <ClCompile Include="InvalidGridException.cpp">
      <Filter>Source Files\Exceptions</Filter>
    </ClCompile>
    <ClCompile Include="NoPathFoundException.cpp">
      <Filter>Source Files\Exceptions</Filter>
    </ClCompile>
    <ClCompile Include="Tree.cpp">
      <Filter>Source Files\Tree</Filter>
    </ClCompile>
    <ClCompile Include="Position.cpp">
      <Filter>Source Files\Tree</Filter>
    </ClCompile>
    <ClCompile Include="Node.cpp">
      <Filter>Source Files\Tree</Filter>
    </ClCompile>
    <ClCompile Include="Grid.cpp">
      <Filter>Source Files\Tree</Filter>
    </ClCompile>
    <ClCompile Include="Frontier.cpp">
      <Filter>Source Files\Tree</Filter>
    </ClCompile>
    <ClCompile Include="Direction.cpp">
      <Filter>Source Files\Tree</Filter>
    </ClCompile>
    <ClCompile Include="Size.cpp">
      <Filter>Source Files\Tree</Filter>
    </ClCompile>
    <ClCompile Include="Rectangle.cpp">
      <Filter>Source Files\Tree</Filter>
    </ClCompile>
    <ClCompile Include="BFS.cpp">
      <Filter>Source Files\Search Algorithms</Filter>
    </ClCompile>
  </ItemGroup>
  <ItemGroup>
    <ClInclude Include="RobotNavigation.h">
      <Filter>Header Files</Filter>
    </ClInclude>
    <ClInclude Include="util\file.h">
      <Filter>Header Files\util</Filter>
    </ClInclude>
    <ClInclude Include="util\string.h">
      <Filter>Header Files\util</Filter>
    </ClInclude>
    <ClInclude Include="util\vector.h">
      <Filter>Header Files\util</Filter>
    </ClInclude>
    <ClInclude Include="DFS.h">
      <Filter>Header Files\Search Algorithms</Filter>
    </ClInclude>
    <ClInclude Include="NoPathFoundException.h">
      <Filter>Header Files\Exceptions</Filter>
    </ClInclude>
    <ClInclude Include="InvalidGridException.h">
      <Filter>Header Files\Exceptions</Filter>
    </ClInclude>
    <ClInclude Include="Direction.h">
      <Filter>Header Files\Tree</Filter>
    </ClInclude>
    <ClInclude Include="Frontier.h">
      <Filter>Header Files\Tree</Filter>
    </ClInclude>
    <ClInclude Include="Grid.h">
      <Filter>Header Files\Tree</Filter>
    </ClInclude>
    <ClInclude Include="Node.h">
      <Filter>Header Files\Tree</Filter>
    </ClInclude>
    <ClInclude Include="Position.h">
      <Filter>Header Files\Tree</Filter>
    </ClInclude>
    <ClInclude Include="Tree.h">
      <Filter>Header Files\Tree</Filter>
    </ClInclude>
    <ClInclude Include="Size.h">
      <Filter>Header Files\Tree</Filter>
    </ClInclude>
    <ClInclude Include="Rectangle.h">
      <Filter>Header Files\Tree</Filter>
    </ClInclude>
    <ClInclude Include="BFS.h">
      <Filter>Header Files\Search Algorithms</Filter>
    </ClInclude>
  </ItemGroup>
</Project>