<?xml version="1.0" encoding="utf-8"?>
<Project ToolsVersion="4.0" xmlns="http://schemas.microsoft.com/developer/msbuild/2003">
  <ItemGroup>
    <Filter Include="Source Files">
      <UniqueIdentifier>{4FC737F1-C7A5-4376-A066-2A32D752A2FF}</UniqueIdentifier>
      <Extensions>cpp;c;cc;cxx;c++;def;odl;idl;hpj;bat;asm;asmx</Extensions>
    </Filter>
    <Filter Include="Header Files">
      <UniqueIdentifier>{93995380-89BD-4b04-88EB-625FBE52EBFB}</UniqueIdentifier>
      <Extensions>h;hh;hpp;hxx;h++;hm;inl;inc;ipp;xsd</Extensions>
    </Filter>
    <Filter Include="Resource Files">
      <UniqueIdentifier>{67DA6AB6-F800-4c08-8B7A-83BB121AAD01}</UniqueIdentifier>
      <Extensions>rc;ico;cur;bmp;dlg;rc2;rct;bin;rgs;gif;jpg;jpeg;jpe;resx;tiff;tif;png;wav;mfcribbon-ms</Extensions>
    </Filter>
    <Filter Include="Header Files\util">
      <UniqueIdentifier>{234342a9-3762-421c-addf-cb1227b6afee}</UniqueIdentifier>
    </Filter>
    <Filter Include="Source Files\util">
      <UniqueIdentifier>{ed0fd4a8-8356-4fa7-a0e0-a428df245e57}</UniqueIdentifier>
    </Filter>
    <Filter Include="Header Files\grid">
      <UniqueIdentifier>{b15cf2c4-821f-4651-bf14-83ebbe6fe84c}</UniqueIdentifier>
    </Filter>
    <Filter Include="Source Files\grid">
      <UniqueIdentifier>{36afeebb-6e7e-454c-8bfa-09c4e695650f}</UniqueIdentifier>
    </Filter>
    <Filter Include="Source Files\exceptions">
      <UniqueIdentifier>{c31a4316-c8a4-425a-adc6-1257cfcd7090}</UniqueIdentifier>
    </Filter>
    <Filter Include="Header Files\exceptions">
      <UniqueIdentifier>{badc2b32-bf0c-4c4c-a453-f0c8bfa81e99}</UniqueIdentifier>
    </Filter>
    <Filter Include="Header Files\search_agorithms">
      <UniqueIdentifier>{a0178346-a6ae-42f2-a17a-45c5ee14fd9a}</UniqueIdentifier>
    </Filter>
    <Filter Include="Source Files\search_algorithms">
      <UniqueIdentifier>{9a6ec5f8-c041-4f72-b953-3c14cf561b9f}</UniqueIdentifier>
    </Filter>
    <Filter Include="Source Files\tree">
      <UniqueIdentifier>{439786b0-07fe-4b47-9f3e-e9e5e3cbccb1}</UniqueIdentifier>
    </Filter>
    <Filter Include="Header Files\tree">
      <UniqueIdentifier>{d342ad18-9f14-4e67-a519-1893f4843f68}</UniqueIdentifier>
    </Filter>
  </ItemGroup>
  <ItemGroup>
    <ClCompile Include="RobotNavigation.cpp">
      <Filter>Source Files</Filter>
    </ClCompile>
    <ClCompile Include="util\file.cpp">
      <Filter>Source Files\util</Filter>
    </ClCompile>
    <ClCompile Include="util\string.cpp">
      <Filter>Source Files\util</Filter>
    </ClCompile>
    <ClCompile Include="util\vector.cpp">
      <Filter>Source Files\util</Filter>
    </ClCompile>
    <ClCompile Include="search_algorithms\DFS.cpp">
      <Filter>Source Files\search_algorithms</Filter>
    </ClCompile>
    <ClCompile Include="tree\Tree.cpp">
      <Filter>Source Files\tree</Filter>
    </ClCompile>
    <ClCompile Include="tree\Node.cpp">
      <Filter>Source Files\tree</Filter>
    </ClCompile>
    <ClCompile Include="exceptions\NoPathFoundException.cpp">
      <Filter>Source Files\exceptions</Filter>
    </ClCompile>
    <ClCompile Include="exceptions\InvalidGridException.cpp">
      <Filter>Source Files\exceptions</Filter>
    </ClCompile>
    <ClCompile Include="grid\Direction.cpp">
      <Filter>Source Files\grid</Filter>
    </ClCompile>
    <ClCompile Include="grid\Grid.cpp">
      <Filter>Source Files\grid</Filter>
    </ClCompile>
    <ClCompile Include="grid\Position.cpp">
      <Filter>Source Files\grid</Filter>
    </ClCompile>
    <ClCompile Include="grid\Rectangle.cpp">
      <Filter>Source Files\grid</Filter>
    </ClCompile>
    <ClCompile Include="grid\Size.cpp">
      <Filter>Source Files\grid</Filter>
    </ClCompile>
    <ClCompile Include="tree\QueueFrontier.cpp">
      <Filter>Source Files\tree</Filter>
    </ClCompile>
    <ClCompile Include="tree\StackFrontier.cpp">
      <Filter>Source Files\tree</Filter>
    </ClCompile>
    <ClCompile Include="search_algorithms\GBFS.cpp">
      <Filter>Source Files\search_algorithms</Filter>
    </ClCompile>
    <ClCompile Include="tree\Visited.cpp">
      <Filter>Source Files\tree</Filter>
    </ClCompile>
    <ClCompile Include="tree\PriorityQueueFrontier.cpp">
      <Filter>Source Files\tree</Filter>
    </ClCompile>
    <ClCompile Include="search_algorithms\AStar.cpp">
      <Filter>Source Files\search_algorithms</Filter>
    </ClCompile>
    <ClCompile Include="search_algorithms\BFS.cpp">
      <Filter>Source Files\search_algorithms</Filter>
    </ClCompile>
    <ClCompile Include="search_algorithms\IDDFS.cpp">
      <Filter>Source Files\search_algorithms</Filter>
    </ClCompile>
  </ItemGroup>
  <ItemGroup>
    <ClInclude Include="RobotNavigation.h">
      <Filter>Header Files</Filter>
    </ClInclude>
    <ClInclude Include="util\file.h">
      <Filter>Header Files\util</Filter>
    </ClInclude>
    <ClInclude Include="util\string.h">
      <Filter>Header Files\util</Filter>
    </ClInclude>
    <ClInclude Include="util\vector.h">
      <Filter>Header Files\util</Filter>
    </ClInclude>
    <ClInclude Include="search_algorithms\BFS.h">
      <Filter>Header Files\search_agorithms</Filter>
    </ClInclude>
    <ClInclude Include="search_algorithms\DFS.h">
      <Filter>Header Files\search_agorithms</Filter>
    </ClInclude>
    <ClInclude Include="tree\Node.h">
      <Filter>Header Files\tree</Filter>
    </ClInclude>
    <ClInclude Include="tree\Tree.h">
      <Filter>Header Files\tree</Filter>
    </ClInclude>
    <ClInclude Include="exceptions\NoPathFoundException.h">
      <Filter>Header Files\exceptions</Filter>
    </ClInclude>
    <ClInclude Include="exceptions\InvalidGridException.h">
      <Filter>Header Files\exceptions</Filter>
    </ClInclude>
    <ClInclude Include="grid\Size.h">
      <Filter>Header Files\grid</Filter>
    </ClInclude>
    <ClInclude Include="grid\Rectangle.h">
      <Filter>Header Files\grid</Filter>
    </ClInclude>
    <ClInclude Include="grid\Position.h">
      <Filter>Header Files\grid</Filter>
    </ClInclude>
    <ClInclude Include="grid\Grid.h">
      <Filter>Header Files\grid</Filter>
    </ClInclude>
    <ClInclude Include="grid\Direction.h">
      <Filter>Header Files\grid</Filter>
    </ClInclude>
    <ClInclude Include="tree\QueueFrontier.h">
      <Filter>Header Files\tree</Filter>
    </ClInclude>
    <ClInclude Include="tree\StackFrontier.h">
      <Filter>Header Files\tree</Filter>
    </ClInclude>
    <ClInclude Include="search_algorithms\GBFS.h">
      <Filter>Header Files\search_agorithms</Filter>
    </ClInclude>
    <ClInclude Include="tree\Visited.h">
      <Filter>Header Files\tree</Filter>
    </ClInclude>
    <ClInclude Include="tree\PriorityQueueFrontier.h">
      <Filter>Header Files\tree</Filter>
    </ClInclude>
    <ClInclude Include="search_algorithms\AStar.h">
      <Filter>Header Files\search_agorithms</Filter>
    </ClInclude>
    <ClInclude Include="search_algorithms\IDDFS.h">
      <Filter>Header Files\search_agorithms</Filter>
    </ClInclude>
  </ItemGroup>
</Project>